// !$*UTF8*$!
{
	archiveVersion = 1;
	classes = {
	};
	objectVersion = 55;
	objects = {

/* Begin PBXBuildFile section */
		E01B0872285AEF5000850C36 /* Tests_iOS.swift in Sources */ = {isa = PBXBuildFile; fileRef = E01B0871285AEF5000850C36 /* Tests_iOS.swift */; };
		E01B0874285AEF5000850C36 /* Tests_iOSLaunchTests.swift in Sources */ = {isa = PBXBuildFile; fileRef = E01B0873285AEF5000850C36 /* Tests_iOSLaunchTests.swift */; };
		E01B087E285AEF5000850C36 /* Tests_macOS.swift in Sources */ = {isa = PBXBuildFile; fileRef = E01B087D285AEF5000850C36 /* Tests_macOS.swift */; };
		E01B0880285AEF5000850C36 /* Tests_macOSLaunchTests.swift in Sources */ = {isa = PBXBuildFile; fileRef = E01B087F285AEF5000850C36 /* Tests_macOSLaunchTests.swift */; };
		E01B0881285AEF5000850C36 /* movieAppApp.swift in Sources */ = {isa = PBXBuildFile; fileRef = E01B0859285AEF4D00850C36 /* movieAppApp.swift */; };
		E01B0882285AEF5000850C36 /* movieAppApp.swift in Sources */ = {isa = PBXBuildFile; fileRef = E01B0859285AEF4D00850C36 /* movieAppApp.swift */; };
		E01B0883285AEF5000850C36 /* ContentView.swift in Sources */ = {isa = PBXBuildFile; fileRef = E01B085A285AEF4D00850C36 /* ContentView.swift */; };
		E01B0884285AEF5000850C36 /* ContentView.swift in Sources */ = {isa = PBXBuildFile; fileRef = E01B085A285AEF4D00850C36 /* ContentView.swift */; };
		E01B0885285AEF5000850C36 /* Assets.xcassets in Resources */ = {isa = PBXBuildFile; fileRef = E01B085B285AEF5000850C36 /* Assets.xcassets */; };
		E01B0886285AEF5000850C36 /* Assets.xcassets in Resources */ = {isa = PBXBuildFile; fileRef = E01B085B285AEF5000850C36 /* Assets.xcassets */; };
		E01B089C285B083800850C36 /* ViewModel.swift in Sources */ = {isa = PBXBuildFile; fileRef = E01B089B285B083800850C36 /* ViewModel.swift */; };
		E01B089D285B083800850C36 /* ViewModel.swift in Sources */ = {isa = PBXBuildFile; fileRef = E01B089B285B083800850C36 /* ViewModel.swift */; };
		E01B089F285B471A00850C36 /* MovieDetailedView.swift in Sources */ = {isa = PBXBuildFile; fileRef = E01B089E285B471A00850C36 /* MovieDetailedView.swift */; };
		E01B08A0285B471A00850C36 /* MovieDetailedView.swift in Sources */ = {isa = PBXBuildFile; fileRef = E01B089E285B471A00850C36 /* MovieDetailedView.swift */; };
/* End PBXBuildFile section */

/* Begin PBXContainerItemProxy section */
		E01B086E285AEF5000850C36 /* PBXContainerItemProxy */ = {
			isa = PBXContainerItemProxy;
			containerPortal = E01B0854285AEF4D00850C36 /* Project object */;
			proxyType = 1;
			remoteGlobalIDString = E01B085F285AEF5000850C36;
			remoteInfo = "movieApp (iOS)";
		};
		E01B087A285AEF5000850C36 /* PBXContainerItemProxy */ = {
			isa = PBXContainerItemProxy;
			containerPortal = E01B0854285AEF4D00850C36 /* Project object */;
			proxyType = 1;
			remoteGlobalIDString = E01B0865285AEF5000850C36;
			remoteInfo = "movieApp (macOS)";
		};
/* End PBXContainerItemProxy section */

/* Begin PBXFileReference section */
		E01B0859285AEF4D00850C36 /* movieAppApp.swift */ = {isa = PBXFileReference; lastKnownFileType = sourcecode.swift; path = movieAppApp.swift; sourceTree = "<group>"; };
		E01B085A285AEF4D00850C36 /* ContentView.swift */ = {isa = PBXFileReference; lastKnownFileType = sourcecode.swift; path = ContentView.swift; sourceTree = "<group>"; };
		E01B085B285AEF5000850C36 /* Assets.xcassets */ = {isa = PBXFileReference; lastKnownFileType = folder.assetcatalog; path = Assets.xcassets; sourceTree = "<group>"; };
		E01B0860285AEF5000850C36 /* movieApp.app */ = {isa = PBXFileReference; explicitFileType = wrapper.application; includeInIndex = 0; path = movieApp.app; sourceTree = BUILT_PRODUCTS_DIR; };
		E01B0866285AEF5000850C36 /* movieApp.app */ = {isa = PBXFileReference; explicitFileType = wrapper.application; includeInIndex = 0; path = movieApp.app; sourceTree = BUILT_PRODUCTS_DIR; };
		E01B0868285AEF5000850C36 /* macOS.entitlements */ = {isa = PBXFileReference; lastKnownFileType = text.plist.entitlements; path = macOS.entitlements; sourceTree = "<group>"; };
		E01B086D285AEF5000850C36 /* Tests iOS.xctest */ = {isa = PBXFileReference; explicitFileType = wrapper.cfbundle; includeInIndex = 0; path = "Tests iOS.xctest"; sourceTree = BUILT_PRODUCTS_DIR; };
		E01B0871285AEF5000850C36 /* Tests_iOS.swift */ = {isa = PBXFileReference; lastKnownFileType = sourcecode.swift; path = Tests_iOS.swift; sourceTree = "<group>"; };
		E01B0873285AEF5000850C36 /* Tests_iOSLaunchTests.swift */ = {isa = PBXFileReference; lastKnownFileType = sourcecode.swift; path = Tests_iOSLaunchTests.swift; sourceTree = "<group>"; };
		E01B0879285AEF5000850C36 /* Tests macOS.xctest */ = {isa = PBXFileReference; explicitFileType = wrapper.cfbundle; includeInIndex = 0; path = "Tests macOS.xctest"; sourceTree = BUILT_PRODUCTS_DIR; };
		E01B087D285AEF5000850C36 /* Tests_macOS.swift */ = {isa = PBXFileReference; lastKnownFileType = sourcecode.swift; path = Tests_macOS.swift; sourceTree = "<group>"; };
		E01B087F285AEF5000850C36 /* Tests_macOSLaunchTests.swift */ = {isa = PBXFileReference; lastKnownFileType = sourcecode.swift; path = Tests_macOSLaunchTests.swift; sourceTree = "<group>"; };
		E01B089B285B083800850C36 /* ViewModel.swift */ = {isa = PBXFileReference; lastKnownFileType = sourcecode.swift; path = ViewModel.swift; sourceTree = "<group>"; };
		E01B089E285B471A00850C36 /* MovieDetailedView.swift */ = {isa = PBXFileReference; lastKnownFileType = sourcecode.swift; path = MovieDetailedView.swift; sourceTree = "<group>"; };
/* End PBXFileReference section */

/* Begin PBXFrameworksBuildPhase section */
		E01B085D285AEF5000850C36 /* Frameworks */ = {
			isa = PBXFrameworksBuildPhase;
			buildActionMask = 2147483647;
			files = (
			);
			runOnlyForDeploymentPostprocessing = 0;
		};
		E01B0863285AEF5000850C36 /* Frameworks */ = {
			isa = PBXFrameworksBuildPhase;
			buildActionMask = 2147483647;
			files = (
			);
			runOnlyForDeploymentPostprocessing = 0;
		};
		E01B086A285AEF5000850C36 /* Frameworks */ = {
			isa = PBXFrameworksBuildPhase;
			buildActionMask = 2147483647;
			files = (
			);
			runOnlyForDeploymentPostprocessing = 0;
		};
		E01B0876285AEF5000850C36 /* Frameworks */ = {
			isa = PBXFrameworksBuildPhase;
			buildActionMask = 2147483647;
			files = (
			);
			runOnlyForDeploymentPostprocessing = 0;
		};
/* End PBXFrameworksBuildPhase section */

/* Begin PBXGroup section */
		E01B0853285AEF4D00850C36 = {
			isa = PBXGroup;
			children = (
				E01B0858285AEF4D00850C36 /* Shared */,
				E01B0867285AEF5000850C36 /* macOS */,
				E01B0870285AEF5000850C36 /* Tests iOS */,
				E01B087C285AEF5000850C36 /* Tests macOS */,
				E01B0861285AEF5000850C36 /* Products */,
			);
			sourceTree = "<group>";
		};
		E01B0858285AEF4D00850C36 /* Shared */ = {
			isa = PBXGroup;
			children = (
				E01B0859285AEF4D00850C36 /* movieAppApp.swift */,
				E01B085A285AEF4D00850C36 /* ContentView.swift */,
				E01B089E285B471A00850C36 /* MovieDetailedView.swift */,
				E01B089B285B083800850C36 /* ViewModel.swift */,
				E01B085B285AEF5000850C36 /* Assets.xcassets */,
			);
			path = Shared;
			sourceTree = "<group>";
		};
		E01B0861285AEF5000850C36 /* Products */ = {
			isa = PBXGroup;
			children = (
				E01B0860285AEF5000850C36 /* movieApp.app */,
				E01B0866285AEF5000850C36 /* movieApp.app */,
				E01B086D285AEF5000850C36 /* Tests iOS.xctest */,
				E01B0879285AEF5000850C36 /* Tests macOS.xctest */,
			);
			name = Products;
			sourceTree = "<group>";
		};
		E01B0867285AEF5000850C36 /* macOS */ = {
			isa = PBXGroup;
			children = (
				E01B0868285AEF5000850C36 /* macOS.entitlements */,
			);
			path = macOS;
			sourceTree = "<group>";
		};
		E01B0870285AEF5000850C36 /* Tests iOS */ = {
			isa = PBXGroup;
			children = (
				E01B0871285AEF5000850C36 /* Tests_iOS.swift */,
				E01B0873285AEF5000850C36 /* Tests_iOSLaunchTests.swift */,
			);
			path = "Tests iOS";
			sourceTree = "<group>";
		};
		E01B087C285AEF5000850C36 /* Tests macOS */ = {
			isa = PBXGroup;
			children = (
				E01B087D285AEF5000850C36 /* Tests_macOS.swift */,
				E01B087F285AEF5000850C36 /* Tests_macOSLaunchTests.swift */,
			);
			path = "Tests macOS";
			sourceTree = "<group>";
		};
/* End PBXGroup section */

/* Begin PBXNativeTarget section */
		E01B085F285AEF5000850C36 /* movieApp (iOS) */ = {
			isa = PBXNativeTarget;
			buildConfigurationList = E01B0889285AEF5000850C36 /* Build configuration list for PBXNativeTarget "movieApp (iOS)" */;
			buildPhases = (
				E01B085C285AEF5000850C36 /* Sources */,
				E01B085D285AEF5000850C36 /* Frameworks */,
				E01B085E285AEF5000850C36 /* Resources */,
			);
			buildRules = (
			);
			dependencies = (
			);
			name = "movieApp (iOS)";
			productName = "movieApp (iOS)";
			productReference = E01B0860285AEF5000850C36 /* movieApp.app */;
			productType = "com.apple.product-type.application";
		};
		E01B0865285AEF5000850C36 /* movieApp (macOS) */ = {
			isa = PBXNativeTarget;
			buildConfigurationList = E01B088C285AEF5000850C36 /* Build configuration list for PBXNativeTarget "movieApp (macOS)" */;
			buildPhases = (
				E01B0862285AEF5000850C36 /* Sources */,
				E01B0863285AEF5000850C36 /* Frameworks */,
				E01B0864285AEF5000850C36 /* Resources */,
			);
			buildRules = (
			);
			dependencies = (
			);
			name = "movieApp (macOS)";
			productName = "movieApp (macOS)";
			productReference = E01B0866285AEF5000850C36 /* movieApp.app */;
			productType = "com.apple.product-type.application";
		};
		E01B086C285AEF5000850C36 /* Tests iOS */ = {
			isa = PBXNativeTarget;
			buildConfigurationList = E01B088F285AEF5000850C36 /* Build configuration list for PBXNativeTarget "Tests iOS" */;
			buildPhases = (
				E01B0869285AEF5000850C36 /* Sources */,
				E01B086A285AEF5000850C36 /* Frameworks */,
				E01B086B285AEF5000850C36 /* Resources */,
			);
			buildRules = (
			);
			dependencies = (
				E01B086F285AEF5000850C36 /* PBXTargetDependency */,
			);
			name = "Tests iOS";
			productName = "Tests iOS";
			productReference = E01B086D285AEF5000850C36 /* Tests iOS.xctest */;
			productType = "com.apple.product-type.bundle.ui-testing";
		};
		E01B0878285AEF5000850C36 /* Tests macOS */ = {
			isa = PBXNativeTarget;
			buildConfigurationList = E01B0892285AEF5000850C36 /* Build configuration list for PBXNativeTarget "Tests macOS" */;
			buildPhases = (
				E01B0875285AEF5000850C36 /* Sources */,
				E01B0876285AEF5000850C36 /* Frameworks */,
				E01B0877285AEF5000850C36 /* Resources */,
			);
			buildRules = (
			);
			dependencies = (
				E01B087B285AEF5000850C36 /* PBXTargetDependency */,
			);
			name = "Tests macOS";
			productName = "Tests macOS";
			productReference = E01B0879285AEF5000850C36 /* Tests macOS.xctest */;
			productType = "com.apple.product-type.bundle.ui-testing";
		};
/* End PBXNativeTarget section */

/* Begin PBXProject section */
		E01B0854285AEF4D00850C36 /* Project object */ = {
			isa = PBXProject;
			attributes = {
				BuildIndependentTargetsInParallel = 1;
				LastSwiftUpdateCheck = 1340;
				LastUpgradeCheck = 1340;
				TargetAttributes = {
					E01B085F285AEF5000850C36 = {
						CreatedOnToolsVersion = 13.4;
					};
					E01B0865285AEF5000850C36 = {
						CreatedOnToolsVersion = 13.4;
					};
					E01B086C285AEF5000850C36 = {
						CreatedOnToolsVersion = 13.4;
						TestTargetID = E01B085F285AEF5000850C36;
					};
					E01B0878285AEF5000850C36 = {
						CreatedOnToolsVersion = 13.4;
						TestTargetID = E01B0865285AEF5000850C36;
					};
				};
			};
			buildConfigurationList = E01B0857285AEF4D00850C36 /* Build configuration list for PBXProject "movieApp" */;
			compatibilityVersion = "Xcode 13.0";
			developmentRegion = en;
			hasScannedForEncodings = 0;
			knownRegions = (
				en,
				Base,
			);
			mainGroup = E01B0853285AEF4D00850C36;
			productRefGroup = E01B0861285AEF5000850C36 /* Products */;
			projectDirPath = "";
			projectRoot = "";
			targets = (
				E01B085F285AEF5000850C36 /* movieApp (iOS) */,
				E01B0865285AEF5000850C36 /* movieApp (macOS) */,
				E01B086C285AEF5000850C36 /* Tests iOS */,
				E01B0878285AEF5000850C36 /* Tests macOS */,
			);
		};
/* End PBXProject section */

/* Begin PBXResourcesBuildPhase section */
		E01B085E285AEF5000850C36 /* Resources */ = {
			isa = PBXResourcesBuildPhase;
			buildActionMask = 2147483647;
			files = (
				E01B0885285AEF5000850C36 /* Assets.xcassets in Resources */,
			);
			runOnlyForDeploymentPostprocessing = 0;
		};
		E01B0864285AEF5000850C36 /* Resources */ = {
			isa = PBXResourcesBuildPhase;
			buildActionMask = 2147483647;
			files = (
				E01B0886285AEF5000850C36 /* Assets.xcassets in Resources */,
			);
			runOnlyForDeploymentPostprocessing = 0;
		};
		E01B086B285AEF5000850C36 /* Resources */ = {
			isa = PBXResourcesBuildPhase;
			buildActionMask = 2147483647;
			files = (
			);
			runOnlyForDeploymentPostprocessing = 0;
		};
		E01B0877285AEF5000850C36 /* Resources */ = {
			isa = PBXResourcesBuildPhase;
			buildActionMask = 2147483647;
			files = (
			);
			runOnlyForDeploymentPostprocessing = 0;
		};
/* End PBXResourcesBuildPhase section */

/* Begin PBXSourcesBuildPhase section */
		E01B085C285AEF5000850C36 /* Sources */ = {
			isa = PBXSourcesBuildPhase;
			buildActionMask = 2147483647;
			files = (
				E01B0883285AEF5000850C36 /* ContentView.swift in Sources */,
				E01B089F285B471A00850C36 /* MovieDetailedView.swift in Sources */,
				E01B089C285B083800850C36 /* ViewModel.swift in Sources */,
				E01B0881285AEF5000850C36 /* movieAppApp.swift in Sources */,
			);
			runOnlyForDeploymentPostprocessing = 0;
		};
		E01B0862285AEF5000850C36 /* Sources */ = {
			isa = PBXSourcesBuildPhase;
			buildActionMask = 2147483647;
			files = (
				E01B0884285AEF5000850C36 /* ContentView.swift in Sources */,
				E01B08A0285B471A00850C36 /* MovieDetailedView.swift in Sources */,
				E01B089D285B083800850C36 /* ViewModel.swift in Sources */,
				E01B0882285AEF5000850C36 /* movieAppApp.swift in Sources */,
			);
			runOnlyForDeploymentPostprocessing = 0;
		};
		E01B0869285AEF5000850C36 /* Sources */ = {
			isa = PBXSourcesBuildPhase;
			buildActionMask = 2147483647;
			files = (
				E01B0874285AEF5000850C36 /* Tests_iOSLaunchTests.swift in Sources */,
				E01B0872285AEF5000850C36 /* Tests_iOS.swift in Sources */,
			);
			runOnlyForDeploymentPostprocessing = 0;
		};
		E01B0875285AEF5000850C36 /* Sources */ = {
			isa = PBXSourcesBuildPhase;
			buildActionMask = 2147483647;
			files = (
				E01B0880285AEF5000850C36 /* Tests_macOSLaunchTests.swift in Sources */,
				E01B087E285AEF5000850C36 /* Tests_macOS.swift in Sources */,
			);
			runOnlyForDeploymentPostprocessing = 0;
		};
/* End PBXSourcesBuildPhase section */

/* Begin PBXTargetDependency section */
		E01B086F285AEF5000850C36 /* PBXTargetDependency */ = {
			isa = PBXTargetDependency;
			target = E01B085F285AEF5000850C36 /* movieApp (iOS) */;
			targetProxy = E01B086E285AEF5000850C36 /* PBXContainerItemProxy */;
		};
		E01B087B285AEF5000850C36 /* PBXTargetDependency */ = {
			isa = PBXTargetDependency;
			target = E01B0865285AEF5000850C36 /* movieApp (macOS) */;
			targetProxy = E01B087A285AEF5000850C36 /* PBXContainerItemProxy */;
		};
/* End PBXTargetDependency section */

/* Begin XCBuildConfiguration section */
		E01B0887285AEF5000850C36 /* Debug */ = {
			isa = XCBuildConfiguration;
			buildSettings = {
				ALWAYS_SEARCH_USER_PATHS = NO;
				CLANG_ANALYZER_NONNULL = YES;
				CLANG_ANALYZER_NUMBER_OBJECT_CONVERSION = YES_AGGRESSIVE;
				CLANG_CXX_LANGUAGE_STANDARD = "gnu++17";
				CLANG_ENABLE_MODULES = YES;
				CLANG_ENABLE_OBJC_ARC = YES;
				CLANG_ENABLE_OBJC_WEAK = YES;
				CLANG_WARN_BLOCK_CAPTURE_AUTORELEASING = YES;
				CLANG_WARN_BOOL_CONVERSION = YES;
				CLANG_WARN_COMMA = YES;
				CLANG_WARN_CONSTANT_CONVERSION = YES;
				CLANG_WARN_DEPRECATED_OBJC_IMPLEMENTATIONS = YES;
				CLANG_WARN_DIRECT_OBJC_ISA_USAGE = YES_ERROR;
				CLANG_WARN_DOCUMENTATION_COMMENTS = YES;
				CLANG_WARN_EMPTY_BODY = YES;
				CLANG_WARN_ENUM_CONVERSION = YES;
				CLANG_WARN_INFINITE_RECURSION = YES;
				CLANG_WARN_INT_CONVERSION = YES;
				CLANG_WARN_NON_LITERAL_NULL_CONVERSION = YES;
				CLANG_WARN_OBJC_IMPLICIT_RETAIN_SELF = YES;
				CLANG_WARN_OBJC_LITERAL_CONVERSION = YES;
				CLANG_WARN_OBJC_ROOT_CLASS = YES_ERROR;
				CLANG_WARN_QUOTED_INCLUDE_IN_FRAMEWORK_HEADER = YES;
				CLANG_WARN_RANGE_LOOP_ANALYSIS = YES;
				CLANG_WARN_STRICT_PROTOTYPES = YES;
				CLANG_WARN_SUSPICIOUS_MOVE = YES;
				CLANG_WARN_UNGUARDED_AVAILABILITY = YES_AGGRESSIVE;
				CLANG_WARN_UNREACHABLE_CODE = YES;
				CLANG_WARN__DUPLICATE_METHOD_MATCH = YES;
				COPY_PHASE_STRIP = NO;
				DEBUG_INFORMATION_FORMAT = dwarf;
				ENABLE_STRICT_OBJC_MSGSEND = YES;
				ENABLE_TESTABILITY = YES;
				GCC_C_LANGUAGE_STANDARD = gnu11;
				GCC_DYNAMIC_NO_PIC = NO;
				GCC_NO_COMMON_BLOCKS = YES;
				GCC_OPTIMIZATION_LEVEL = 0;
				GCC_PREPROCESSOR_DEFINITIONS = (
					"DEBUG=1",
					"$(inherited)",
				);
				GCC_WARN_64_TO_32_BIT_CONVERSION = YES;
				GCC_WARN_ABOUT_RETURN_TYPE = YES_ERROR;
				GCC_WARN_UNDECLARED_SELECTOR = YES;
				GCC_WARN_UNINITIALIZED_AUTOS = YES_AGGRESSIVE;
				GCC_WARN_UNUSED_FUNCTION = YES;
				GCC_WARN_UNUSED_VARIABLE = YES;
				MTL_ENABLE_DEBUG_INFO = INCLUDE_SOURCE;
				MTL_FAST_MATH = YES;
				ONLY_ACTIVE_ARCH = YES;
				SWIFT_ACTIVE_COMPILATION_CONDITIONS = DEBUG;
				SWIFT_OPTIMIZATION_LEVEL = "-Onone";
			};
			name = Debug;
		};
		E01B0888285AEF5000850C36 /* Release */ = {
			isa = XCBuildConfiguration;
			buildSettings = {
				ALWAYS_SEARCH_USER_PATHS = NO;
				CLANG_ANALYZER_NONNULL = YES;
				CLANG_ANALYZER_NUMBER_OBJECT_CONVERSION = YES_AGGRESSIVE;
				CLANG_CXX_LANGUAGE_STANDARD = "gnu++17";
				CLANG_ENABLE_MODULES = YES;
				CLANG_ENABLE_OBJC_ARC = YES;
				CLANG_ENABLE_OBJC_WEAK = YES;
				CLANG_WARN_BLOCK_CAPTURE_AUTORELEASING = YES;
				CLANG_WARN_BOOL_CONVERSION = YES;
				CLANG_WARN_COMMA = YES;
				CLANG_WARN_CONSTANT_CONVERSION = YES;
				CLANG_WARN_DEPRECATED_OBJC_IMPLEMENTATIONS = YES;
				CLANG_WARN_DIRECT_OBJC_ISA_USAGE = YES_ERROR;
				CLANG_WARN_DOCUMENTATION_COMMENTS = YES;
				CLANG_WARN_EMPTY_BODY = YES;
				CLANG_WARN_ENUM_CONVERSION = YES;
				CLANG_WARN_INFINITE_RECURSION = YES;
				CLANG_WARN_INT_CONVERSION = YES;
				CLANG_WARN_NON_LITERAL_NULL_CONVERSION = YES;
				CLANG_WARN_OBJC_IMPLICIT_RETAIN_SELF = YES;
				CLANG_WARN_OBJC_LITERAL_CONVERSION = YES;
				CLANG_WARN_OBJC_ROOT_CLASS = YES_ERROR;
				CLANG_WARN_QUOTED_INCLUDE_IN_FRAMEWORK_HEADER = YES;
				CLANG_WARN_RANGE_LOOP_ANALYSIS = YES;
				CLANG_WARN_STRICT_PROTOTYPES = YES;
				CLANG_WARN_SUSPICIOUS_MOVE = YES;
				CLANG_WARN_UNGUARDED_AVAILABILITY = YES_AGGRESSIVE;
				CLANG_WARN_UNREACHABLE_CODE = YES;
				CLANG_WARN__DUPLICATE_METHOD_MATCH = YES;
				COPY_PHASE_STRIP = NO;
				DEBUG_INFORMATION_FORMAT = "dwarf-with-dsym";
				ENABLE_NS_ASSERTIONS = NO;
				ENABLE_STRICT_OBJC_MSGSEND = YES;
				GCC_C_LANGUAGE_STANDARD = gnu11;
				GCC_NO_COMMON_BLOCKS = YES;
				GCC_WARN_64_TO_32_BIT_CONVERSION = YES;
				GCC_WARN_ABOUT_RETURN_TYPE = YES_ERROR;
				GCC_WARN_UNDECLARED_SELECTOR = YES;
				GCC_WARN_UNINITIALIZED_AUTOS = YES_AGGRESSIVE;
				GCC_WARN_UNUSED_FUNCTION = YES;
				GCC_WARN_UNUSED_VARIABLE = YES;
				MTL_ENABLE_DEBUG_INFO = NO;
				MTL_FAST_MATH = YES;
				SWIFT_COMPILATION_MODE = wholemodule;
				SWIFT_OPTIMIZATION_LEVEL = "-O";
			};
			name = Release;
		};
		E01B088A285AEF5000850C36 /* Debug */ = {
			isa = XCBuildConfiguration;
			buildSettings = {
				ASSETCATALOG_COMPILER_APPICON_NAME = AppIcon;
				ASSETCATALOG_COMPILER_GLOBAL_ACCENT_COLOR_NAME = AccentColor;
				CODE_SIGN_STYLE = Automatic;
				CURRENT_PROJECT_VERSION = 1;
				DEVELOPMENT_TEAM = K9746WX89U;
				ENABLE_PREVIEWS = YES;
				GENERATE_INFOPLIST_FILE = YES;
				INFOPLIST_KEY_UIApplicationSceneManifest_Generation = YES;
				INFOPLIST_KEY_UIApplicationSupportsIndirectInputEvents = YES;
				INFOPLIST_KEY_UILaunchScreen_Generation = YES;
				INFOPLIST_KEY_UISupportedInterfaceOrientations_iPad = "UIInterfaceOrientationPortrait UIInterfaceOrientationPortraitUpsideDown UIInterfaceOrientationLandscapeLeft UIInterfaceOrientationLandscapeRight";
				INFOPLIST_KEY_UISupportedInterfaceOrientations_iPhone = "UIInterfaceOrientationPortrait UIInterfaceOrientationLandscapeLeft UIInterfaceOrientationLandscapeRight";
				IPHONEOS_DEPLOYMENT_TARGET = 15.5;
				LD_RUNPATH_SEARCH_PATHS = (
					"$(inherited)",
					"@executable_path/Frameworks",
				);
				MARKETING_VERSION = 1.0;
				PRODUCT_BUNDLE_IDENTIFIER = com.Hello.movieApp;
				PRODUCT_NAME = movieApp;
				SDKROOT = iphoneos;
				SWIFT_EMIT_LOC_STRINGS = YES;
				SWIFT_VERSION = 5.0;
				TARGETED_DEVICE_FAMILY = "1,2";
			};
			name = Debug;
		};
		E01B088B285AEF5000850C36 /* Release */ = {
			isa = XCBuildConfiguration;
			buildSettings = {
				ASSETCATALOG_COMPILER_APPICON_NAME = AppIcon;
				ASSETCATALOG_COMPILER_GLOBAL_ACCENT_COLOR_NAME = AccentColor;
				CODE_SIGN_STYLE = Automatic;
				CURRENT_PROJECT_VERSION = 1;
				DEVELOPMENT_TEAM = K9746WX89U;
				ENABLE_PREVIEWS = YES;
				GENERATE_INFOPLIST_FILE = YES;
				INFOPLIST_KEY_UIApplicationSceneManifest_Generation = YES;
				INFOPLIST_KEY_UIApplicationSupportsIndirectInputEvents = YES;
				INFOPLIST_KEY_UILaunchScreen_Generation = YES;
				INFOPLIST_KEY_UISupportedInterfaceOrientations_iPad = "UIInterfaceOrientationPortrait UIInterfaceOrientationPortraitUpsideDown UIInterfaceOrientationLandscapeLeft UIInterfaceOrientationLandscapeRight";
				INFOPLIST_KEY_UISupportedInterfaceOrientations_iPhone = "UIInterfaceOrientationPortrait UIInterfaceOrientationLandscapeLeft UIInterfaceOrientationLandscapeRight";
				IPHONEOS_DEPLOYMENT_TARGET = 15.5;
				LD_RUNPATH_SEARCH_PATHS = (
					"$(inherited)",
					"@executable_path/Frameworks",
				);
				MARKETING_VERSION = 1.0;
				PRODUCT_BUNDLE_IDENTIFIER = com.Hello.movieApp;
				PRODUCT_NAME = movieApp;
				SDKROOT = iphoneos;
				SWIFT_EMIT_LOC_STRINGS = YES;
				SWIFT_VERSION = 5.0;
				TARGETED_DEVICE_FAMILY = "1,2";
				VALIDATE_PRODUCT = YES;
			};
			name = Release;
		};
		E01B088D285AEF5000850C36 /* Debug */ = {
			isa = XCBuildConfiguration;
			buildSettings = {
				ASSETCATALOG_COMPILER_APPICON_NAME = AppIcon;
				ASSETCATALOG_COMPILER_GLOBAL_ACCENT_COLOR_NAME = AccentColor;
				CODE_SIGN_ENTITLEMENTS = macOS/macOS.entitlements;
				CODE_SIGN_STYLE = Automatic;
				COMBINE_HIDPI_IMAGES = YES;
				CURRENT_PROJECT_VERSION = 1;
				DEVELOPMENT_TEAM = K9746WX89U;
				ENABLE_HARDENED_RUNTIME = YES;
				ENABLE_PREVIEWS = YES;
				GENERATE_INFOPLIST_FILE = YES;
				INFOPLIST_KEY_NSHumanReadableCopyright = "";
				LD_RUNPATH_SEARCH_PATHS = (
					"$(inherited)",
					"@executable_path/../Frameworks",
				);
				MACOSX_DEPLOYMENT_TARGET = 12.0;
				MARKETING_VERSION = 1.0;
				PRODUCT_BUNDLE_IDENTIFIER = com.Hello.movieApp;
				PRODUCT_NAME = movieApp;
				SDKROOT = macosx;
				SWIFT_EMIT_LOC_STRINGS = YES;
				SWIFT_VERSION = 5.0;
			};
			name = Debug;
		};
		E01B088E285AEF5000850C36 /* Release */ = {
			isa = XCBuildConfiguration;
			buildSettings = {
				ASSETCATALOG_COMPILER_APPICON_NAME = AppIcon;
				ASSETCATALOG_COMPILER_GLOBAL_ACCENT_COLOR_NAME = AccentColor;
				CODE_SIGN_ENTITLEMENTS = macOS/macOS.entitlements;
				CODE_SIGN_STYLE = Automatic;
				COMBINE_HIDPI_IMAGES = YES;
				CURRENT_PROJECT_VERSION = 1;
				DEVELOPMENT_TEAM = K9746WX89U;
				ENABLE_HARDENED_RUNTIME = YES;
				ENABLE_PREVIEWS = YES;
				GENERATE_INFOPLIST_FILE = YES;
				INFOPLIST_KEY_NSHumanReadableCopyright = "";
				LD_RUNPATH_SEARCH_PATHS = (
					"$(inherited)",
					"@executable_path/../Frameworks",
				);
				MACOSX_DEPLOYMENT_TARGET = 12.0;
				MARKETING_VERSION = 1.0;
				PRODUCT_BUNDLE_IDENTIFIER = com.Hello.movieApp;
				PRODUCT_NAME = movieApp;
				SDKROOT = macosx;
				SWIFT_EMIT_LOC_STRINGS = YES;
				SWIFT_VERSION = 5.0;
			};
			name = Release;
		};
		E01B0890285AEF5000850C36 /* Debug */ = {
			isa = XCBuildConfiguration;
			buildSettings = {
				ALWAYS_EMBED_SWIFT_STANDARD_LIBRARIES = YES;
				CODE_SIGN_STYLE = Automatic;
				CURRENT_PROJECT_VERSION = 1;
				DEVELOPMENT_TEAM = K9746WX89U;
				GENERATE_INFOPLIST_FILE = YES;
				IPHONEOS_DEPLOYMENT_TARGET = 15.5;
				MARKETING_VERSION = 1.0;
				PRODUCT_BUNDLE_IDENTIFIER = "com.Hello.Tests-iOS";
				PRODUCT_NAME = "$(TARGET_NAME)";
				SDKROOT = iphoneos;
				SWIFT_EMIT_LOC_STRINGS = NO;
				SWIFT_VERSION = 5.0;
				TARGETED_DEVICE_FAMILY = "1,2";
				TEST_TARGET_NAME = "movieApp (iOS)";
			};
			name = Debug;
		};
		E01B0891285AEF5000850C36 /* Release */ = {
			isa = XCBuildConfiguration;
			buildSettings = {
				ALWAYS_EMBED_SWIFT_STANDARD_LIBRARIES = YES;
				CODE_SIGN_STYLE = Automatic;
				CURRENT_PROJECT_VERSION = 1;
				DEVELOPMENT_TEAM = K9746WX89U;
				GENERATE_INFOPLIST_FILE = YES;
				IPHONEOS_DEPLOYMENT_TARGET = 15.5;
				MARKETING_VERSION = 1.0;
				PRODUCT_BUNDLE_IDENTIFIER = "com.Hello.Tests-iOS";
				PRODUCT_NAME = "$(TARGET_NAME)";
				SDKROOT = iphoneos;
				SWIFT_EMIT_LOC_STRINGS = NO;
				SWIFT_VERSION = 5.0;
				TARGETED_DEVICE_FAMILY = "1,2";
				TEST_TARGET_NAME = "movieApp (iOS)";
				VALIDATE_PRODUCT = YES;
			};
			name = Release;
		};
		E01B0893285AEF5000850C36 /* Debug */ = {
			isa = XCBuildConfiguration;
			buildSettings = {
				ALWAYS_EMBED_SWIFT_STANDARD_LIBRARIES = YES;
				CODE_SIGN_STYLE = Automatic;
				CURRENT_PROJECT_VERSION = 1;
				DEVELOPMENT_TEAM = K9746WX89U;
				GENERATE_INFOPLIST_FILE = YES;
				MACOSX_DEPLOYMENT_TARGET = 12.0;
				MARKETING_VERSION = 1.0;
				PRODUCT_BUNDLE_IDENTIFIER = "com.Hello.Tests-macOS";
				PRODUCT_NAME = "$(TARGET_NAME)";
				SDKROOT = macosx;
				SWIFT_EMIT_LOC_STRINGS = NO;
				SWIFT_VERSION = 5.0;
				TEST_TARGET_NAME = "movieApp (macOS)";
			};
			name = Debug;
		};
		E01B0894285AEF5000850C36 /* Release */ = {
			isa = XCBuildConfiguration;
			buildSettings = {
				ALWAYS_EMBED_SWIFT_STANDARD_LIBRARIES = YES;
				CODE_SIGN_STYLE = Automatic;
				CURRENT_PROJECT_VERSION = 1;
				DEVELOPMENT_TEAM = K9746WX89U;
				GENERATE_INFOPLIST_FILE = YES;
				MACOSX_DEPLOYMENT_TARGET = 12.0;
				MARKETING_VERSION = 1.0;
				PRODUCT_BUNDLE_IDENTIFIER = "com.Hello.Tests-macOS";
				PRODUCT_NAME = "$(TARGET_NAME)";
				SDKROOT = macosx;
				SWIFT_EMIT_LOC_STRINGS = NO;
				SWIFT_VERSION = 5.0;
				TEST_TARGET_NAME = "movieApp (macOS)";
			};
			name = Release;
		};
/* End XCBuildConfiguration section */

/* Begin XCConfigurationList section */
		E01B0857285AEF4D00850C36 /* Build configuration list for PBXProject "movieApp" */ = {
			isa = XCConfigurationList;
			buildConfigurations = (
				E01B0887285AEF5000850C36 /* Debug */,
				E01B0888285AEF5000850C36 /* Release */,
			);
			defaultConfigurationIsVisible = 0;
			defaultConfigurationName = Release;
		};
		E01B0889285AEF5000850C36 /* Build configuration list for PBXNativeTarget "movieApp (iOS)" */ = {
			isa = XCConfigurationList;
			buildConfigurations = (
				E01B088A285AEF5000850C36 /* Debug */,
				E01B088B285AEF5000850C36 /* Release */,
			);
			defaultConfigurationIsVisible = 0;
			defaultConfigurationName = Release;
		};
		E01B088C285AEF5000850C36 /* Build configuration list for PBXNativeTarget "movieApp (macOS)" */ = {
			isa = XCConfigurationList;
			buildConfigurations = (
				E01B088D285AEF5000850C36 /* Debug */,
				E01B088E285AEF5000850C36 /* Release */,
			);
			defaultConfigurationIsVisible = 0;
			defaultConfigurationName = Release;
		};
		E01B088F285AEF5000850C36 /* Build configuration list for PBXNativeTarget "Tests iOS" */ = {
			isa = XCConfigurationList;
			buildConfigurations = (
				E01B0890285AEF5000850C36 /* Debug */,
				E01B0891285AEF5000850C36 /* Release */,
			);
			defaultConfigurationIsVisible = 0;
			defaultConfigurationName = Release;
		};
		E01B0892285AEF5000850C36 /* Build configuration list for PBXNativeTarget "Tests macOS" */ = {
			isa = XCConfigurationList;
			buildConfigurations = (
				E01B0893285AEF5000850C36 /* Debug */,
				E01B0894285AEF5000850C36 /* Release */,
			);
			defaultConfigurationIsVisible = 0;
			defaultConfigurationName = Release;
		};
/* End XCConfigurationList section */
	};
	rootObject = E01B0854285AEF4D00850C36 /* Project object */;
}
