// !$*UTF8*$!
{
	archiveVersion = 1;
	classes = {
	};
	objectVersion = 55;
	objects = {

/* Begin PBXBuildFile section */
		E0F189FB285734650058DE3C /* Tests_iOS.swift in Sources */ = {isa = PBXBuildFile; fileRef = E0F189FA285734650058DE3C /* Tests_iOS.swift */; };
		E0F189FD285734650058DE3C /* Tests_iOSLaunchTests.swift in Sources */ = {isa = PBXBuildFile; fileRef = E0F189FC285734650058DE3C /* Tests_iOSLaunchTests.swift */; };
		E0F18A07285734650058DE3C /* Tests_macOS.swift in Sources */ = {isa = PBXBuildFile; fileRef = E0F18A06285734650058DE3C /* Tests_macOS.swift */; };
		E0F18A09285734650058DE3C /* Tests_macOSLaunchTests.swift in Sources */ = {isa = PBXBuildFile; fileRef = E0F18A08285734650058DE3C /* Tests_macOSLaunchTests.swift */; };
		E0F18A0A285734650058DE3C /* GoPureAppApp.swift in Sources */ = {isa = PBXBuildFile; fileRef = E0F189E2285734650058DE3C /* GoPureAppApp.swift */; };
		E0F18A0B285734650058DE3C /* GoPureAppApp.swift in Sources */ = {isa = PBXBuildFile; fileRef = E0F189E2285734650058DE3C /* GoPureAppApp.swift */; };
		E0F18A0C285734650058DE3C /* ContentView.swift in Sources */ = {isa = PBXBuildFile; fileRef = E0F189E3285734650058DE3C /* ContentView.swift */; };
		E0F18A0D285734650058DE3C /* ContentView.swift in Sources */ = {isa = PBXBuildFile; fileRef = E0F189E3285734650058DE3C /* ContentView.swift */; };
		E0F18A0E285734650058DE3C /* Assets.xcassets in Resources */ = {isa = PBXBuildFile; fileRef = E0F189E4285734650058DE3C /* Assets.xcassets */; };
		E0F18A0F285734650058DE3C /* Assets.xcassets in Resources */ = {isa = PBXBuildFile; fileRef = E0F189E4285734650058DE3C /* Assets.xcassets */; };
/* End PBXBuildFile section */

/* Begin PBXContainerItemProxy section */
		E0F189F7285734650058DE3C /* PBXContainerItemProxy */ = {
			isa = PBXContainerItemProxy;
			containerPortal = E0F189DD285734650058DE3C /* Project object */;
			proxyType = 1;
			remoteGlobalIDString = E0F189E8285734650058DE3C;
			remoteInfo = "GoPureApp (iOS)";
		};
		E0F18A03285734650058DE3C /* PBXContainerItemProxy */ = {
			isa = PBXContainerItemProxy;
			containerPortal = E0F189DD285734650058DE3C /* Project object */;
			proxyType = 1;
			remoteGlobalIDString = E0F189EE285734650058DE3C;
			remoteInfo = "GoPureApp (macOS)";
		};
/* End PBXContainerItemProxy section */

/* Begin PBXFileReference section */
		E0F189E2285734650058DE3C /* GoPureAppApp.swift */ = {isa = PBXFileReference; lastKnownFileType = sourcecode.swift; path = GoPureAppApp.swift; sourceTree = "<group>"; };
		E0F189E3285734650058DE3C /* ContentView.swift */ = {isa = PBXFileReference; lastKnownFileType = sourcecode.swift; path = ContentView.swift; sourceTree = "<group>"; };
		E0F189E4285734650058DE3C /* Assets.xcassets */ = {isa = PBXFileReference; lastKnownFileType = folder.assetcatalog; path = Assets.xcassets; sourceTree = "<group>"; };
		E0F189E9285734650058DE3C /* GoPureApp.app */ = {isa = PBXFileReference; explicitFileType = wrapper.application; includeInIndex = 0; path = GoPureApp.app; sourceTree = BUILT_PRODUCTS_DIR; };
		E0F189EF285734650058DE3C /* GoPureApp.app */ = {isa = PBXFileReference; explicitFileType = wrapper.application; includeInIndex = 0; path = GoPureApp.app; sourceTree = BUILT_PRODUCTS_DIR; };
		E0F189F1285734650058DE3C /* macOS.entitlements */ = {isa = PBXFileReference; lastKnownFileType = text.plist.entitlements; path = macOS.entitlements; sourceTree = "<group>"; };
		E0F189F6285734650058DE3C /* Tests iOS.xctest */ = {isa = PBXFileReference; explicitFileType = wrapper.cfbundle; includeInIndex = 0; path = "Tests iOS.xctest"; sourceTree = BUILT_PRODUCTS_DIR; };
		E0F189FA285734650058DE3C /* Tests_iOS.swift */ = {isa = PBXFileReference; lastKnownFileType = sourcecode.swift; path = Tests_iOS.swift; sourceTree = "<group>"; };
		E0F189FC285734650058DE3C /* Tests_iOSLaunchTests.swift */ = {isa = PBXFileReference; lastKnownFileType = sourcecode.swift; path = Tests_iOSLaunchTests.swift; sourceTree = "<group>"; };
		E0F18A02285734650058DE3C /* Tests macOS.xctest */ = {isa = PBXFileReference; explicitFileType = wrapper.cfbundle; includeInIndex = 0; path = "Tests macOS.xctest"; sourceTree = BUILT_PRODUCTS_DIR; };
		E0F18A06285734650058DE3C /* Tests_macOS.swift */ = {isa = PBXFileReference; lastKnownFileType = sourcecode.swift; path = Tests_macOS.swift; sourceTree = "<group>"; };
		E0F18A08285734650058DE3C /* Tests_macOSLaunchTests.swift */ = {isa = PBXFileReference; lastKnownFileType = sourcecode.swift; path = Tests_macOSLaunchTests.swift; sourceTree = "<group>"; };
/* End PBXFileReference section */

/* Begin PBXFrameworksBuildPhase section */
		E0F189E6285734650058DE3C /* Frameworks */ = {
			isa = PBXFrameworksBuildPhase;
			buildActionMask = 2147483647;
			files = (
			);
			runOnlyForDeploymentPostprocessing = 0;
		};
		E0F189EC285734650058DE3C /* Frameworks */ = {
			isa = PBXFrameworksBuildPhase;
			buildActionMask = 2147483647;
			files = (
			);
			runOnlyForDeploymentPostprocessing = 0;
		};
		E0F189F3285734650058DE3C /* Frameworks */ = {
			isa = PBXFrameworksBuildPhase;
			buildActionMask = 2147483647;
			files = (
			);
			runOnlyForDeploymentPostprocessing = 0;
		};
		E0F189FF285734650058DE3C /* Frameworks */ = {
			isa = PBXFrameworksBuildPhase;
			buildActionMask = 2147483647;
			files = (
			);
			runOnlyForDeploymentPostprocessing = 0;
		};
/* End PBXFrameworksBuildPhase section */

/* Begin PBXGroup section */
		E0F189DC285734650058DE3C = {
			isa = PBXGroup;
			children = (
				E0F189E1285734650058DE3C /* Shared */,
				E0F189F0285734650058DE3C /* macOS */,
				E0F189F9285734650058DE3C /* Tests iOS */,
				E0F18A05285734650058DE3C /* Tests macOS */,
				E0F189EA285734650058DE3C /* Products */,
			);
			sourceTree = "<group>";
		};
		E0F189E1285734650058DE3C /* Shared */ = {
			isa = PBXGroup;
			children = (
				E0F189E2285734650058DE3C /* GoPureAppApp.swift */,
				E0F189E3285734650058DE3C /* ContentView.swift */,
				E0F189E4285734650058DE3C /* Assets.xcassets */,
			);
			path = Shared;
			sourceTree = "<group>";
		};
		E0F189EA285734650058DE3C /* Products */ = {
			isa = PBXGroup;
			children = (
				E0F189E9285734650058DE3C /* GoPureApp.app */,
				E0F189EF285734650058DE3C /* GoPureApp.app */,
				E0F189F6285734650058DE3C /* Tests iOS.xctest */,
				E0F18A02285734650058DE3C /* Tests macOS.xctest */,
			);
			name = Products;
			sourceTree = "<group>";
		};
		E0F189F0285734650058DE3C /* macOS */ = {
			isa = PBXGroup;
			children = (
				E0F189F1285734650058DE3C /* macOS.entitlements */,
			);
			path = macOS;
			sourceTree = "<group>";
		};
		E0F189F9285734650058DE3C /* Tests iOS */ = {
			isa = PBXGroup;
			children = (
				E0F189FA285734650058DE3C /* Tests_iOS.swift */,
				E0F189FC285734650058DE3C /* Tests_iOSLaunchTests.swift */,
			);
			path = "Tests iOS";
			sourceTree = "<group>";
		};
		E0F18A05285734650058DE3C /* Tests macOS */ = {
			isa = PBXGroup;
			children = (
				E0F18A06285734650058DE3C /* Tests_macOS.swift */,
				E0F18A08285734650058DE3C /* Tests_macOSLaunchTests.swift */,
			);
			path = "Tests macOS";
			sourceTree = "<group>";
		};
/* End PBXGroup section */

/* Begin PBXNativeTarget section */
		E0F189E8285734650058DE3C /* GoPureApp (iOS) */ = {
			isa = PBXNativeTarget;
			buildConfigurationList = E0F18A12285734650058DE3C /* Build configuration list for PBXNativeTarget "GoPureApp (iOS)" */;
			buildPhases = (
				E0F189E5285734650058DE3C /* Sources */,
				E0F189E6285734650058DE3C /* Frameworks */,
				E0F189E7285734650058DE3C /* Resources */,
			);
			buildRules = (
			);
			dependencies = (
			);
			name = "GoPureApp (iOS)";
			productName = "GoPureApp (iOS)";
			productReference = E0F189E9285734650058DE3C /* GoPureApp.app */;
			productType = "com.apple.product-type.application";
		};
		E0F189EE285734650058DE3C /* GoPureApp (macOS) */ = {
			isa = PBXNativeTarget;
			buildConfigurationList = E0F18A15285734650058DE3C /* Build configuration list for PBXNativeTarget "GoPureApp (macOS)" */;
			buildPhases = (
				E0F189EB285734650058DE3C /* Sources */,
				E0F189EC285734650058DE3C /* Frameworks */,
				E0F189ED285734650058DE3C /* Resources */,
			);
			buildRules = (
			);
			dependencies = (
			);
			name = "GoPureApp (macOS)";
			productName = "GoPureApp (macOS)";
			productReference = E0F189EF285734650058DE3C /* GoPureApp.app */;
			productType = "com.apple.product-type.application";
		};
		E0F189F5285734650058DE3C /* Tests iOS */ = {
			isa = PBXNativeTarget;
			buildConfigurationList = E0F18A18285734650058DE3C /* Build configuration list for PBXNativeTarget "Tests iOS" */;
			buildPhases = (
				E0F189F2285734650058DE3C /* Sources */,
				E0F189F3285734650058DE3C /* Frameworks */,
				E0F189F4285734650058DE3C /* Resources */,
			);
			buildRules = (
			);
			dependencies = (
				E0F189F8285734650058DE3C /* PBXTargetDependency */,
			);
			name = "Tests iOS";
			productName = "Tests iOS";
			productReference = E0F189F6285734650058DE3C /* Tests iOS.xctest */;
			productType = "com.apple.product-type.bundle.ui-testing";
		};
		E0F18A01285734650058DE3C /* Tests macOS */ = {
			isa = PBXNativeTarget;
			buildConfigurationList = E0F18A1B285734650058DE3C /* Build configuration list for PBXNativeTarget "Tests macOS" */;
			buildPhases = (
				E0F189FE285734650058DE3C /* Sources */,
				E0F189FF285734650058DE3C /* Frameworks */,
				E0F18A00285734650058DE3C /* Resources */,
			);
			buildRules = (
			);
			dependencies = (
				E0F18A04285734650058DE3C /* PBXTargetDependency */,
			);
			name = "Tests macOS";
			productName = "Tests macOS";
			productReference = E0F18A02285734650058DE3C /* Tests macOS.xctest */;
			productType = "com.apple.product-type.bundle.ui-testing";
		};
/* End PBXNativeTarget section */

/* Begin PBXProject section */
		E0F189DD285734650058DE3C /* Project object */ = {
			isa = PBXProject;
			attributes = {
				BuildIndependentTargetsInParallel = 1;
				LastSwiftUpdateCheck = 1340;
				LastUpgradeCheck = 1340;
				TargetAttributes = {
					E0F189E8285734650058DE3C = {
						CreatedOnToolsVersion = 13.4;
					};
					E0F189EE285734650058DE3C = {
						CreatedOnToolsVersion = 13.4;
					};
					E0F189F5285734650058DE3C = {
						CreatedOnToolsVersion = 13.4;
						TestTargetID = E0F189E8285734650058DE3C;
					};
					E0F18A01285734650058DE3C = {
						CreatedOnToolsVersion = 13.4;
						TestTargetID = E0F189EE285734650058DE3C;
					};
				};
			};
			buildConfigurationList = E0F189E0285734650058DE3C /* Build configuration list for PBXProject "GoPureApp" */;
			compatibilityVersion = "Xcode 13.0";
			developmentRegion = en;
			hasScannedForEncodings = 0;
			knownRegions = (
				en,
				Base,
			);
			mainGroup = E0F189DC285734650058DE3C;
			productRefGroup = E0F189EA285734650058DE3C /* Products */;
			projectDirPath = "";
			projectRoot = "";
			targets = (
				E0F189E8285734650058DE3C /* GoPureApp (iOS) */,
				E0F189EE285734650058DE3C /* GoPureApp (macOS) */,
				E0F189F5285734650058DE3C /* Tests iOS */,
				E0F18A01285734650058DE3C /* Tests macOS */,
			);
		};
/* End PBXProject section */

/* Begin PBXResourcesBuildPhase section */
		E0F189E7285734650058DE3C /* Resources */ = {
			isa = PBXResourcesBuildPhase;
			buildActionMask = 2147483647;
			files = (
				E0F18A0E285734650058DE3C /* Assets.xcassets in Resources */,
			);
			runOnlyForDeploymentPostprocessing = 0;
		};
		E0F189ED285734650058DE3C /* Resources */ = {
			isa = PBXResourcesBuildPhase;
			buildActionMask = 2147483647;
			files = (
				E0F18A0F285734650058DE3C /* Assets.xcassets in Resources */,
			);
			runOnlyForDeploymentPostprocessing = 0;
		};
		E0F189F4285734650058DE3C /* Resources */ = {
			isa = PBXResourcesBuildPhase;
			buildActionMask = 2147483647;
			files = (
			);
			runOnlyForDeploymentPostprocessing = 0;
		};
		E0F18A00285734650058DE3C /* Resources */ = {
			isa = PBXResourcesBuildPhase;
			buildActionMask = 2147483647;
			files = (
			);
			runOnlyForDeploymentPostprocessing = 0;
		};
/* End PBXResourcesBuildPhase section */

/* Begin PBXSourcesBuildPhase section */
		E0F189E5285734650058DE3C /* Sources */ = {
			isa = PBXSourcesBuildPhase;
			buildActionMask = 2147483647;
			files = (
				E0F18A0C285734650058DE3C /* ContentView.swift in Sources */,
				E0F18A0A285734650058DE3C /* GoPureAppApp.swift in Sources */,
			);
			runOnlyForDeploymentPostprocessing = 0;
		};
		E0F189EB285734650058DE3C /* Sources */ = {
			isa = PBXSourcesBuildPhase;
			buildActionMask = 2147483647;
			files = (
				E0F18A0D285734650058DE3C /* ContentView.swift in Sources */,
				E0F18A0B285734650058DE3C /* GoPureAppApp.swift in Sources */,
			);
			runOnlyForDeploymentPostprocessing = 0;
		};
		E0F189F2285734650058DE3C /* Sources */ = {
			isa = PBXSourcesBuildPhase;
			buildActionMask = 2147483647;
			files = (
				E0F189FD285734650058DE3C /* Tests_iOSLaunchTests.swift in Sources */,
				E0F189FB285734650058DE3C /* Tests_iOS.swift in Sources */,
			);
			runOnlyForDeploymentPostprocessing = 0;
		};
		E0F189FE285734650058DE3C /* Sources */ = {
			isa = PBXSourcesBuildPhase;
			buildActionMask = 2147483647;
			files = (
				E0F18A09285734650058DE3C /* Tests_macOSLaunchTests.swift in Sources */,
				E0F18A07285734650058DE3C /* Tests_macOS.swift in Sources */,
			);
			runOnlyForDeploymentPostprocessing = 0;
		};
/* End PBXSourcesBuildPhase section */

/* Begin PBXTargetDependency section */
		E0F189F8285734650058DE3C /* PBXTargetDependency */ = {
			isa = PBXTargetDependency;
			target = E0F189E8285734650058DE3C /* GoPureApp (iOS) */;
			targetProxy = E0F189F7285734650058DE3C /* PBXContainerItemProxy */;
		};
		E0F18A04285734650058DE3C /* PBXTargetDependency */ = {
			isa = PBXTargetDependency;
			target = E0F189EE285734650058DE3C /* GoPureApp (macOS) */;
			targetProxy = E0F18A03285734650058DE3C /* PBXContainerItemProxy */;
		};
/* End PBXTargetDependency section */

/* Begin XCBuildConfiguration section */
		E0F18A10285734650058DE3C /* Debug */ = {
			isa = XCBuildConfiguration;
			buildSettings = {
				ALWAYS_SEARCH_USER_PATHS = NO;
				CLANG_ANALYZER_NONNULL = YES;
				CLANG_ANALYZER_NUMBER_OBJECT_CONVERSION = YES_AGGRESSIVE;
				CLANG_CXX_LANGUAGE_STANDARD = "gnu++17";
				CLANG_ENABLE_MODULES = YES;
				CLANG_ENABLE_OBJC_ARC = YES;
				CLANG_ENABLE_OBJC_WEAK = YES;
				CLANG_WARN_BLOCK_CAPTURE_AUTORELEASING = YES;
				CLANG_WARN_BOOL_CONVERSION = YES;
				CLANG_WARN_COMMA = YES;
				CLANG_WARN_CONSTANT_CONVERSION = YES;
				CLANG_WARN_DEPRECATED_OBJC_IMPLEMENTATIONS = YES;
				CLANG_WARN_DIRECT_OBJC_ISA_USAGE = YES_ERROR;
				CLANG_WARN_DOCUMENTATION_COMMENTS = YES;
				CLANG_WARN_EMPTY_BODY = YES;
				CLANG_WARN_ENUM_CONVERSION = YES;
				CLANG_WARN_INFINITE_RECURSION = YES;
				CLANG_WARN_INT_CONVERSION = YES;
				CLANG_WARN_NON_LITERAL_NULL_CONVERSION = YES;
				CLANG_WARN_OBJC_IMPLICIT_RETAIN_SELF = YES;
				CLANG_WARN_OBJC_LITERAL_CONVERSION = YES;
				CLANG_WARN_OBJC_ROOT_CLASS = YES_ERROR;
				CLANG_WARN_QUOTED_INCLUDE_IN_FRAMEWORK_HEADER = YES;
				CLANG_WARN_RANGE_LOOP_ANALYSIS = YES;
				CLANG_WARN_STRICT_PROTOTYPES = YES;
				CLANG_WARN_SUSPICIOUS_MOVE = YES;
				CLANG_WARN_UNGUARDED_AVAILABILITY = YES_AGGRESSIVE;
				CLANG_WARN_UNREACHABLE_CODE = YES;
				CLANG_WARN__DUPLICATE_METHOD_MATCH = YES;
				COPY_PHASE_STRIP = NO;
				DEBUG_INFORMATION_FORMAT = dwarf;
				ENABLE_STRICT_OBJC_MSGSEND = YES;
				ENABLE_TESTABILITY = YES;
				GCC_C_LANGUAGE_STANDARD = gnu11;
				GCC_DYNAMIC_NO_PIC = NO;
				GCC_NO_COMMON_BLOCKS = YES;
				GCC_OPTIMIZATION_LEVEL = 0;
				GCC_PREPROCESSOR_DEFINITIONS = (
					"DEBUG=1",
					"$(inherited)",
				);
				GCC_WARN_64_TO_32_BIT_CONVERSION = YES;
				GCC_WARN_ABOUT_RETURN_TYPE = YES_ERROR;
				GCC_WARN_UNDECLARED_SELECTOR = YES;
				GCC_WARN_UNINITIALIZED_AUTOS = YES_AGGRESSIVE;
				GCC_WARN_UNUSED_FUNCTION = YES;
				GCC_WARN_UNUSED_VARIABLE = YES;
				MTL_ENABLE_DEBUG_INFO = INCLUDE_SOURCE;
				MTL_FAST_MATH = YES;
				ONLY_ACTIVE_ARCH = YES;
				SWIFT_ACTIVE_COMPILATION_CONDITIONS = DEBUG;
				SWIFT_OPTIMIZATION_LEVEL = "-Onone";
			};
			name = Debug;
		};
		E0F18A11285734650058DE3C /* Release */ = {
			isa = XCBuildConfiguration;
			buildSettings = {
				ALWAYS_SEARCH_USER_PATHS = NO;
				CLANG_ANALYZER_NONNULL = YES;
				CLANG_ANALYZER_NUMBER_OBJECT_CONVERSION = YES_AGGRESSIVE;
				CLANG_CXX_LANGUAGE_STANDARD = "gnu++17";
				CLANG_ENABLE_MODULES = YES;
				CLANG_ENABLE_OBJC_ARC = YES;
				CLANG_ENABLE_OBJC_WEAK = YES;
				CLANG_WARN_BLOCK_CAPTURE_AUTORELEASING = YES;
				CLANG_WARN_BOOL_CONVERSION = YES;
				CLANG_WARN_COMMA = YES;
				CLANG_WARN_CONSTANT_CONVERSION = YES;
				CLANG_WARN_DEPRECATED_OBJC_IMPLEMENTATIONS = YES;
				CLANG_WARN_DIRECT_OBJC_ISA_USAGE = YES_ERROR;
				CLANG_WARN_DOCUMENTATION_COMMENTS = YES;
				CLANG_WARN_EMPTY_BODY = YES;
				CLANG_WARN_ENUM_CONVERSION = YES;
				CLANG_WARN_INFINITE_RECURSION = YES;
				CLANG_WARN_INT_CONVERSION = YES;
				CLANG_WARN_NON_LITERAL_NULL_CONVERSION = YES;
				CLANG_WARN_OBJC_IMPLICIT_RETAIN_SELF = YES;
				CLANG_WARN_OBJC_LITERAL_CONVERSION = YES;
				CLANG_WARN_OBJC_ROOT_CLASS = YES_ERROR;
				CLANG_WARN_QUOTED_INCLUDE_IN_FRAMEWORK_HEADER = YES;
				CLANG_WARN_RANGE_LOOP_ANALYSIS = YES;
				CLANG_WARN_STRICT_PROTOTYPES = YES;
				CLANG_WARN_SUSPICIOUS_MOVE = YES;
				CLANG_WARN_UNGUARDED_AVAILABILITY = YES_AGGRESSIVE;
				CLANG_WARN_UNREACHABLE_CODE = YES;
				CLANG_WARN__DUPLICATE_METHOD_MATCH = YES;
				COPY_PHASE_STRIP = NO;
				DEBUG_INFORMATION_FORMAT = "dwarf-with-dsym";
				ENABLE_NS_ASSERTIONS = NO;
				ENABLE_STRICT_OBJC_MSGSEND = YES;
				GCC_C_LANGUAGE_STANDARD = gnu11;
				GCC_NO_COMMON_BLOCKS = YES;
				GCC_WARN_64_TO_32_BIT_CONVERSION = YES;
				GCC_WARN_ABOUT_RETURN_TYPE = YES_ERROR;
				GCC_WARN_UNDECLARED_SELECTOR = YES;
				GCC_WARN_UNINITIALIZED_AUTOS = YES_AGGRESSIVE;
				GCC_WARN_UNUSED_FUNCTION = YES;
				GCC_WARN_UNUSED_VARIABLE = YES;
				MTL_ENABLE_DEBUG_INFO = NO;
				MTL_FAST_MATH = YES;
				SWIFT_COMPILATION_MODE = wholemodule;
				SWIFT_OPTIMIZATION_LEVEL = "-O";
			};
			name = Release;
		};
		E0F18A13285734650058DE3C /* Debug */ = {
			isa = XCBuildConfiguration;
			buildSettings = {
				ASSETCATALOG_COMPILER_APPICON_NAME = AppIcon;
				ASSETCATALOG_COMPILER_GLOBAL_ACCENT_COLOR_NAME = AccentColor;
				CODE_SIGN_STYLE = Automatic;
				CURRENT_PROJECT_VERSION = 1;
				DEVELOPMENT_TEAM = K9746WX89U;
				ENABLE_PREVIEWS = YES;
				GENERATE_INFOPLIST_FILE = YES;
				INFOPLIST_KEY_UIApplicationSceneManifest_Generation = YES;
				INFOPLIST_KEY_UIApplicationSupportsIndirectInputEvents = YES;
				INFOPLIST_KEY_UILaunchScreen_Generation = YES;
				INFOPLIST_KEY_UISupportedInterfaceOrientations_iPad = "UIInterfaceOrientationPortrait UIInterfaceOrientationPortraitUpsideDown UIInterfaceOrientationLandscapeLeft UIInterfaceOrientationLandscapeRight";
				INFOPLIST_KEY_UISupportedInterfaceOrientations_iPhone = "UIInterfaceOrientationPortrait UIInterfaceOrientationLandscapeLeft UIInterfaceOrientationLandscapeRight";
				IPHONEOS_DEPLOYMENT_TARGET = 15.5;
				LD_RUNPATH_SEARCH_PATHS = (
					"$(inherited)",
					"@executable_path/Frameworks",
				);
				MARKETING_VERSION = 1.0;
				PRODUCT_BUNDLE_IDENTIFIER = com.Hello.GoPureApp;
				PRODUCT_NAME = GoPureApp;
				SDKROOT = iphoneos;
				SWIFT_EMIT_LOC_STRINGS = YES;
				SWIFT_VERSION = 5.0;
				TARGETED_DEVICE_FAMILY = "1,2";
			};
			name = Debug;
		};
		E0F18A14285734650058DE3C /* Release */ = {
			isa = XCBuildConfiguration;
			buildSettings = {
				ASSETCATALOG_COMPILER_APPICON_NAME = AppIcon;
				ASSETCATALOG_COMPILER_GLOBAL_ACCENT_COLOR_NAME = AccentColor;
				CODE_SIGN_STYLE = Automatic;
				CURRENT_PROJECT_VERSION = 1;
				DEVELOPMENT_TEAM = K9746WX89U;
				ENABLE_PREVIEWS = YES;
				GENERATE_INFOPLIST_FILE = YES;
				INFOPLIST_KEY_UIApplicationSceneManifest_Generation = YES;
				INFOPLIST_KEY_UIApplicationSupportsIndirectInputEvents = YES;
				INFOPLIST_KEY_UILaunchScreen_Generation = YES;
				INFOPLIST_KEY_UISupportedInterfaceOrientations_iPad = "UIInterfaceOrientationPortrait UIInterfaceOrientationPortraitUpsideDown UIInterfaceOrientationLandscapeLeft UIInterfaceOrientationLandscapeRight";
				INFOPLIST_KEY_UISupportedInterfaceOrientations_iPhone = "UIInterfaceOrientationPortrait UIInterfaceOrientationLandscapeLeft UIInterfaceOrientationLandscapeRight";
				IPHONEOS_DEPLOYMENT_TARGET = 15.5;
				LD_RUNPATH_SEARCH_PATHS = (
					"$(inherited)",
					"@executable_path/Frameworks",
				);
				MARKETING_VERSION = 1.0;
				PRODUCT_BUNDLE_IDENTIFIER = com.Hello.GoPureApp;
				PRODUCT_NAME = GoPureApp;
				SDKROOT = iphoneos;
				SWIFT_EMIT_LOC_STRINGS = YES;
				SWIFT_VERSION = 5.0;
				TARGETED_DEVICE_FAMILY = "1,2";
				VALIDATE_PRODUCT = YES;
			};
			name = Release;
		};
		E0F18A16285734650058DE3C /* Debug */ = {
			isa = XCBuildConfiguration;
			buildSettings = {
				ASSETCATALOG_COMPILER_APPICON_NAME = AppIcon;
				ASSETCATALOG_COMPILER_GLOBAL_ACCENT_COLOR_NAME = AccentColor;
				CODE_SIGN_ENTITLEMENTS = macOS/macOS.entitlements;
				CODE_SIGN_STYLE = Automatic;
				COMBINE_HIDPI_IMAGES = YES;
				CURRENT_PROJECT_VERSION = 1;
				DEVELOPMENT_TEAM = K9746WX89U;
				ENABLE_HARDENED_RUNTIME = YES;
				ENABLE_PREVIEWS = YES;
				GENERATE_INFOPLIST_FILE = YES;
				INFOPLIST_KEY_NSHumanReadableCopyright = "";
				LD_RUNPATH_SEARCH_PATHS = (
					"$(inherited)",
					"@executable_path/../Frameworks",
				);
				MACOSX_DEPLOYMENT_TARGET = 12.0;
				MARKETING_VERSION = 1.0;
				PRODUCT_BUNDLE_IDENTIFIER = com.Hello.GoPureApp;
				PRODUCT_NAME = GoPureApp;
				SDKROOT = macosx;
				SWIFT_EMIT_LOC_STRINGS = YES;
				SWIFT_VERSION = 5.0;
			};
			name = Debug;
		};
		E0F18A17285734650058DE3C /* Release */ = {
			isa = XCBuildConfiguration;
			buildSettings = {
				ASSETCATALOG_COMPILER_APPICON_NAME = AppIcon;
				ASSETCATALOG_COMPILER_GLOBAL_ACCENT_COLOR_NAME = AccentColor;
				CODE_SIGN_ENTITLEMENTS = macOS/macOS.entitlements;
				CODE_SIGN_STYLE = Automatic;
				COMBINE_HIDPI_IMAGES = YES;
				CURRENT_PROJECT_VERSION = 1;
				DEVELOPMENT_TEAM = K9746WX89U;
				ENABLE_HARDENED_RUNTIME = YES;
				ENABLE_PREVIEWS = YES;
				GENERATE_INFOPLIST_FILE = YES;
				INFOPLIST_KEY_NSHumanReadableCopyright = "";
				LD_RUNPATH_SEARCH_PATHS = (
					"$(inherited)",
					"@executable_path/../Frameworks",
				);
				MACOSX_DEPLOYMENT_TARGET = 12.0;
				MARKETING_VERSION = 1.0;
				PRODUCT_BUNDLE_IDENTIFIER = com.Hello.GoPureApp;
				PRODUCT_NAME = GoPureApp;
				SDKROOT = macosx;
				SWIFT_EMIT_LOC_STRINGS = YES;
				SWIFT_VERSION = 5.0;
			};
			name = Release;
		};
		E0F18A19285734650058DE3C /* Debug */ = {
			isa = XCBuildConfiguration;
			buildSettings = {
				ALWAYS_EMBED_SWIFT_STANDARD_LIBRARIES = YES;
				CODE_SIGN_STYLE = Automatic;
				CURRENT_PROJECT_VERSION = 1;
				DEVELOPMENT_TEAM = K9746WX89U;
				GENERATE_INFOPLIST_FILE = YES;
				IPHONEOS_DEPLOYMENT_TARGET = 15.5;
				MARKETING_VERSION = 1.0;
				PRODUCT_BUNDLE_IDENTIFIER = "com.Hello.Tests-iOS";
				PRODUCT_NAME = "$(TARGET_NAME)";
				SDKROOT = iphoneos;
				SWIFT_EMIT_LOC_STRINGS = NO;
				SWIFT_VERSION = 5.0;
				TARGETED_DEVICE_FAMILY = "1,2";
				TEST_TARGET_NAME = "GoPureApp (iOS)";
			};
			name = Debug;
		};
		E0F18A1A285734650058DE3C /* Release */ = {
			isa = XCBuildConfiguration;
			buildSettings = {
				ALWAYS_EMBED_SWIFT_STANDARD_LIBRARIES = YES;
				CODE_SIGN_STYLE = Automatic;
				CURRENT_PROJECT_VERSION = 1;
				DEVELOPMENT_TEAM = K9746WX89U;
				GENERATE_INFOPLIST_FILE = YES;
				IPHONEOS_DEPLOYMENT_TARGET = 15.5;
				MARKETING_VERSION = 1.0;
				PRODUCT_BUNDLE_IDENTIFIER = "com.Hello.Tests-iOS";
				PRODUCT_NAME = "$(TARGET_NAME)";
				SDKROOT = iphoneos;
				SWIFT_EMIT_LOC_STRINGS = NO;
				SWIFT_VERSION = 5.0;
				TARGETED_DEVICE_FAMILY = "1,2";
				TEST_TARGET_NAME = "GoPureApp (iOS)";
				VALIDATE_PRODUCT = YES;
			};
			name = Release;
		};
		E0F18A1C285734650058DE3C /* Debug */ = {
			isa = XCBuildConfiguration;
			buildSettings = {
				ALWAYS_EMBED_SWIFT_STANDARD_LIBRARIES = YES;
				CODE_SIGN_STYLE = Automatic;
				CURRENT_PROJECT_VERSION = 1;
				DEVELOPMENT_TEAM = K9746WX89U;
				GENERATE_INFOPLIST_FILE = YES;
				MACOSX_DEPLOYMENT_TARGET = 12.0;
				MARKETING_VERSION = 1.0;
				PRODUCT_BUNDLE_IDENTIFIER = "com.Hello.Tests-macOS";
				PRODUCT_NAME = "$(TARGET_NAME)";
				SDKROOT = macosx;
				SWIFT_EMIT_LOC_STRINGS = NO;
				SWIFT_VERSION = 5.0;
				TEST_TARGET_NAME = "GoPureApp (macOS)";
			};
			name = Debug;
		};
		E0F18A1D285734650058DE3C /* Release */ = {
			isa = XCBuildConfiguration;
			buildSettings = {
				ALWAYS_EMBED_SWIFT_STANDARD_LIBRARIES = YES;
				CODE_SIGN_STYLE = Automatic;
				CURRENT_PROJECT_VERSION = 1;
				DEVELOPMENT_TEAM = K9746WX89U;
				GENERATE_INFOPLIST_FILE = YES;
				MACOSX_DEPLOYMENT_TARGET = 12.0;
				MARKETING_VERSION = 1.0;
				PRODUCT_BUNDLE_IDENTIFIER = "com.Hello.Tests-macOS";
				PRODUCT_NAME = "$(TARGET_NAME)";
				SDKROOT = macosx;
				SWIFT_EMIT_LOC_STRINGS = NO;
				SWIFT_VERSION = 5.0;
				TEST_TARGET_NAME = "GoPureApp (macOS)";
			};
			name = Release;
		};
/* End XCBuildConfiguration section */

/* Begin XCConfigurationList section */
		E0F189E0285734650058DE3C /* Build configuration list for PBXProject "GoPureApp" */ = {
			isa = XCConfigurationList;
			buildConfigurations = (
				E0F18A10285734650058DE3C /* Debug */,
				E0F18A11285734650058DE3C /* Release */,
			);
			defaultConfigurationIsVisible = 0;
			defaultConfigurationName = Release;
		};
		E0F18A12285734650058DE3C /* Build configuration list for PBXNativeTarget "GoPureApp (iOS)" */ = {
			isa = XCConfigurationList;
			buildConfigurations = (
				E0F18A13285734650058DE3C /* Debug */,
				E0F18A14285734650058DE3C /* Release */,
			);
			defaultConfigurationIsVisible = 0;
			defaultConfigurationName = Release;
		};
		E0F18A15285734650058DE3C /* Build configuration list for PBXNativeTarget "GoPureApp (macOS)" */ = {
			isa = XCConfigurationList;
			buildConfigurations = (
				E0F18A16285734650058DE3C /* Debug */,
				E0F18A17285734650058DE3C /* Release */,
			);
			defaultConfigurationIsVisible = 0;
			defaultConfigurationName = Release;
		};
		E0F18A18285734650058DE3C /* Build configuration list for PBXNativeTarget "Tests iOS" */ = {
			isa = XCConfigurationList;
			buildConfigurations = (
				E0F18A19285734650058DE3C /* Debug */,
				E0F18A1A285734650058DE3C /* Release */,
			);
			defaultConfigurationIsVisible = 0;
			defaultConfigurationName = Release;
		};
		E0F18A1B285734650058DE3C /* Build configuration list for PBXNativeTarget "Tests macOS" */ = {
			isa = XCConfigurationList;
			buildConfigurations = (
				E0F18A1C285734650058DE3C /* Debug */,
				E0F18A1D285734650058DE3C /* Release */,
			);
			defaultConfigurationIsVisible = 0;
			defaultConfigurationName = Release;
		};
/* End XCConfigurationList section */
	};
	rootObject = E0F189DD285734650058DE3C /* Project object */;
}
